
Microsoft Visual Studio Solution File, Format Version 12.00
# Visual Studio 2013
VisualStudioVersion = 12.0.21005.1
MinimumVisualStudioVersion = 10.0.40219.1
Project("{FAE04EC0-301F-11D3-BF4B-00C04F79EFBC}") = "CraftSynth.ConfigOverwriter", "CraftSynth.ConfigOverwriter\CraftSynth.ConfigOverwriter.csproj", "{BEC9494A-E594-485B-BE7F-CCA0C809B252}"
EndProject
Project("{FAE04EC0-301F-11D3-BF4B-00C04F79EFBC}") = "CraftSynth.ConfigOverwriter.Test", "CraftSynth.ConfigOverwriter.Test\CraftSynth.ConfigOverwriter.Test.csproj", "{9B3C94AD-AD31-4CAC-8EA1-728AC181AEE5}"
EndProject
Global
	GlobalSection(SolutionConfigurationPlatforms) = preSolution
		Debug|Any CPU = Debug|Any CPU
		Release|Any CPU = Release|Any CPU
	EndGlobalSection
	GlobalSection(ProjectConfigurationPlatforms) = postSolution
		{BEC9494A-E594-485B-BE7F-CCA0C809B252}.Debug|Any CPU.ActiveCfg = Debug|Any CPU
		{BEC9494A-E594-485B-BE7F-CCA0C809B252}.Debug|Any CPU.Build.0 = Debug|Any CPU
		{BEC9494A-E594-485B-BE7F-CCA0C809B252}.Release|Any CPU.ActiveCfg = Release|Any CPU
		{BEC9494A-E594-485B-BE7F-CCA0C809B252}.Release|Any CPU.Build.0 = Release|Any CPU
		{9B3C94AD-AD31-4CAC-8EA1-728AC181AEE5}.Debug|Any CPU.ActiveCfg = Debug|Any CPU
		{9B3C94AD-AD31-4CAC-8EA1-728AC181AEE5}.Debug|Any CPU.Build.0 = Debug|Any CPU
		{9B3C94AD-AD31-4CAC-8EA1-728AC181AEE5}.Release|Any CPU.ActiveCfg = Release|Any CPU
		{9B3C94AD-AD31-4CAC-8EA1-728AC181AEE5}.Release|Any CPU.Build.0 = Release|Any CPU
	EndGlobalSection
	GlobalSection(SolutionProperties) = preSolution
		HideSolutionNode = FALSE
	EndGlobalSection
EndGlobal
